
Microsoft Visual Studio Solution File, Format Version 12.00
# Visual Studio Version 17
VisualStudioVersion = 17.5.002.0
MinimumVisualStudioVersion = 10.0.40219.1
Project("{9A19103F-16F7-4668-BE54-9A1E7A4F7556}") = "FinShark", "FinShark.csproj", "{922BC1C5-00FC-4AA0-974E-59A705D8BC8E}"
EndProject
Global
	GlobalSection(SolutionConfigurationPlatforms) = preSolution
		Debug|Any CPU = Debug|Any CPU
		Release|Any CPU = Release|Any CPU
	EndGlobalSection
	GlobalSection(ProjectConfigurationPlatforms) = postSolution
		{922BC1C5-00FC-4AA0-974E-59A705D8BC8E}.Debug|Any CPU.ActiveCfg = Debug|Any CPU
		{922BC1C5-00FC-4AA0-974E-59A705D8BC8E}.Debug|Any CPU.Build.0 = Debug|Any CPU
		{922BC1C5-00FC-4AA0-974E-59A705D8BC8E}.Release|Any CPU.ActiveCfg = Release|Any CPU
		{922BC1C5-00FC-4AA0-974E-59A705D8BC8E}.Release|Any CPU.Build.0 = Release|Any CPU
	EndGlobalSection
	GlobalSection(SolutionProperties) = preSolution
		HideSolutionNode = FALSE
	EndGlobalSection
	GlobalSection(ExtensibilityGlobals) = postSolution
		SolutionGuid = {A5804867-4EAA-4532-AD60-DF9D1F58C1C9}
	EndGlobalSection
EndGlobal
